
Microsoft Visual Studio Solution File, Format Version 12.00
# Visual Studio Version 17
VisualStudioVersion = 17.8.34322.80
MinimumVisualStudioVersion = 10.0.40219.1
Project("{FAE04EC0-301F-11D3-BF4B-00C04F79EFBC}") = "SpeechInterfaceButtonDll", "SpeechInterfaceButtonDll\SpeechInterfaceButtonDll.csproj", "{1851114D-B4A8-4866-9460-FAE6D475CE94}"
EndProject
Global
	GlobalSection(SolutionConfigurationPlatforms) = preSolution
		Debug|Any CPU = Debug|Any CPU
		Release|Any CPU = Release|Any CPU
	EndGlobalSection
	GlobalSection(ProjectConfigurationPlatforms) = postSolution
		{1851114D-B4A8-4866-9460-FAE6D475CE94}.Debug|Any CPU.ActiveCfg = Debug|Any CPU
		{1851114D-B4A8-4866-9460-FAE6D475CE94}.Debug|Any CPU.Build.0 = Debug|Any CPU
		{1851114D-B4A8-4866-9460-FAE6D475CE94}.Release|Any CPU.ActiveCfg = Release|Any CPU
		{1851114D-B4A8-4866-9460-FAE6D475CE94}.Release|Any CPU.Build.0 = Release|Any CPU
	EndGlobalSection
	GlobalSection(SolutionProperties) = preSolution
		HideSolutionNode = FALSE
	EndGlobalSection
	GlobalSection(ExtensibilityGlobals) = postSolution
		SolutionGuid = {4F48D9B0-9AFB-42D5-BAC5-59F7A42DC14E}
	EndGlobalSection
EndGlobal
